
Microsoft Visual Studio Solution File, Format Version 12.00
# Visual Studio 15
VisualStudioVersion = 15.0.28010.2016
MinimumVisualStudioVersion = 10.0.40219.1
Project("{FAE04EC0-301F-11D3-BF4B-00C04F79EFBC}") = "StackOverflow.Web", "StackOverflow.Web\StackOverflow.Web.csproj", "{6CB234E4-9EFC-4D76-868C-00137B6C5478}"
EndProject
Project("{FAE04EC0-301F-11D3-BF4B-00C04F79EFBC}") = "StackOverflow.Data", "StackOverflow.Data\StackOverflow.Data.csproj", "{26D6F055-A425-4121-AD95-D0E6AC691E1F}"
EndProject
Global
	GlobalSection(SolutionConfigurationPlatforms) = preSolution
		Debug|Any CPU = Debug|Any CPU
		Release|Any CPU = Release|Any CPU
	EndGlobalSection
	GlobalSection(ProjectConfigurationPlatforms) = postSolution
		{6CB234E4-9EFC-4D76-868C-00137B6C5478}.Debug|Any CPU.ActiveCfg = Debug|Any CPU
		{6CB234E4-9EFC-4D76-868C-00137B6C5478}.Debug|Any CPU.Build.0 = Debug|Any CPU
		{6CB234E4-9EFC-4D76-868C-00137B6C5478}.Release|Any CPU.ActiveCfg = Release|Any CPU
		{6CB234E4-9EFC-4D76-868C-00137B6C5478}.Release|Any CPU.Build.0 = Release|Any CPU
		{26D6F055-A425-4121-AD95-D0E6AC691E1F}.Debug|Any CPU.ActiveCfg = Debug|Any CPU
		{26D6F055-A425-4121-AD95-D0E6AC691E1F}.Debug|Any CPU.Build.0 = Debug|Any CPU
		{26D6F055-A425-4121-AD95-D0E6AC691E1F}.Release|Any CPU.ActiveCfg = Release|Any CPU
		{26D6F055-A425-4121-AD95-D0E6AC691E1F}.Release|Any CPU.Build.0 = Release|Any CPU
	EndGlobalSection
	GlobalSection(SolutionProperties) = preSolution
		HideSolutionNode = FALSE
	EndGlobalSection
	GlobalSection(ExtensibilityGlobals) = postSolution
		SolutionGuid = {F527C3EC-419A-446D-AB71-9C3AC19D95EE}
	EndGlobalSection
EndGlobal
